{
  "name": "Cross",
  "lockfileVersion": 2,
  "requires": true,
  "packages": {
    "": {
      "dependencies": {
        "@vkontakte/vk-bridge": "^2.6.1"
      }
    },
    "node_modules/@vkontakte/vk-bridge": {
      "version": "2.6.1",
      "resolved": "https://registry.npmjs.org/@vkontakte/vk-bridge/-/vk-bridge-2.6.1.tgz",
      "integrity": "sha512-EPomMnxO4WNfivdtNkP7nuBuT8CEMI0wEGKEEj6I63ZWp/es8OQZLynbeow3dm9W/dC/IhLpD4vyFLZprGcr5g=="
    }
  },
  "dependencies": {
    "@vkontakte/vk-bridge": {
      "version": "2.6.1",
      "resolved": "https://registry.npmjs.org/@vkontakte/vk-bridge/-/vk-bridge-2.6.1.tgz",
      "integrity": "sha512-EPomMnxO4WNfivdtNkP7nuBuT8CEMI0wEGKEEj6I63ZWp/es8OQZLynbeow3dm9W/dC/IhLpD4vyFLZprGcr5g=="
    }
  }
}
