{
  "name": "yukawaii.github.io",
  "lockfileVersion": 2,
  "requires": true,
  "packages": {
    "": {
      "dependencies": {
        "@vkontakte/vk-bridge": "^2.7.0"
      }
    },
    "node_modules/@vkontakte/vk-bridge": {
      "version": "2.7.0",
      "resolved": "https://registry.npmjs.org/@vkontakte/vk-bridge/-/vk-bridge-2.7.0.tgz",
      "integrity": "sha512-Y3w3PivRaa/QkwKvwDdk+hWYdLRwqnFuxNJN3Z59PcEjLlCqgGbQ1x8vSZiEoLRmqjmV7NOqN+5fWnCCvGVNoQ=="
    }
  },
  "dependencies": {
    "@vkontakte/vk-bridge": {
      "version": "2.7.0",
      "resolved": "https://registry.npmjs.org/@vkontakte/vk-bridge/-/vk-bridge-2.7.0.tgz",
      "integrity": "sha512-Y3w3PivRaa/QkwKvwDdk+hWYdLRwqnFuxNJN3Z59PcEjLlCqgGbQ1x8vSZiEoLRmqjmV7NOqN+5fWnCCvGVNoQ=="
    }
  }
}
